
Microsoft Visual Studio Solution File, Format Version 12.00
# Visual Studio 15
VisualStudioVersion = 15.0.28307.168
MinimumVisualStudioVersion = 10.0.40219.1
Project("{8BC9CEB8-8B4A-11D0-8D11-00A0C91BC942}") = "Words Anal", "Words Anal\Words Anal.vcxproj", "{693321F6-5005-4F65-A53F-D17466920B1B}"
EndProject
Global
	GlobalSection(SolutionConfigurationPlatforms) = preSolution
		Debug|x64 = Debug|x64
		Debug|x86 = Debug|x86
		Release|x64 = Release|x64
		Release|x86 = Release|x86
	EndGlobalSection
	GlobalSection(ProjectConfigurationPlatforms) = postSolution
		{693321F6-5005-4F65-A53F-D17466920B1B}.Debug|x64.ActiveCfg = Debug|x64
		{693321F6-5005-4F65-A53F-D17466920B1B}.Debug|x64.Build.0 = Debug|x64
		{693321F6-5005-4F65-A53F-D17466920B1B}.Debug|x86.ActiveCfg = Debug|Win32
		{693321F6-5005-4F65-A53F-D17466920B1B}.Debug|x86.Build.0 = Debug|Win32
		{693321F6-5005-4F65-A53F-D17466920B1B}.Release|x64.ActiveCfg = Release|x64
		{693321F6-5005-4F65-A53F-D17466920B1B}.Release|x64.Build.0 = Release|x64
		{693321F6-5005-4F65-A53F-D17466920B1B}.Release|x86.ActiveCfg = Release|Win32
		{693321F6-5005-4F65-A53F-D17466920B1B}.Release|x86.Build.0 = Release|Win32
	EndGlobalSection
	GlobalSection(SolutionProperties) = preSolution
		HideSolutionNode = FALSE
	EndGlobalSection
	GlobalSection(ExtensibilityGlobals) = postSolution
		SolutionGuid = {7EECD7F6-EED9-4C19-A7A3-770B61426A23}
	EndGlobalSection
EndGlobal
